
Microsoft Visual Studio Solution File, Format Version 12.00
# Visual Studio Version 17
VisualStudioVersion = 17.8.34316.72
MinimumVisualStudioVersion = 10.0.40219.1
Project("{9A19103F-16F7-4668-BE54-9A1E7A4F7556}") = "Aoc2023", "Aoc2023\Aoc2023.csproj", "{FAE69B3B-0C48-4402-8F2E-4D980FEAFF16}"
EndProject
Project("{F2A71F9B-5D33-465A-A702-920D77279786}") = "Aoc2023Fs", "Aoc2023Fs\Aoc2023Fs.fsproj", "{8B4F402E-DFEC-4559-80E8-776C08615553}"
EndProject
Global
	GlobalSection(SolutionConfigurationPlatforms) = preSolution
		Debug|Any CPU = Debug|Any CPU
		Release|Any CPU = Release|Any CPU
	EndGlobalSection
	GlobalSection(ProjectConfigurationPlatforms) = postSolution
		{FAE69B3B-0C48-4402-8F2E-4D980FEAFF16}.Debug|Any CPU.ActiveCfg = Debug|Any CPU
		{FAE69B3B-0C48-4402-8F2E-4D980FEAFF16}.Debug|Any CPU.Build.0 = Debug|Any CPU
		{FAE69B3B-0C48-4402-8F2E-4D980FEAFF16}.Release|Any CPU.ActiveCfg = Release|Any CPU
		{FAE69B3B-0C48-4402-8F2E-4D980FEAFF16}.Release|Any CPU.Build.0 = Release|Any CPU
		{8B4F402E-DFEC-4559-80E8-776C08615553}.Debug|Any CPU.ActiveCfg = Debug|Any CPU
		{8B4F402E-DFEC-4559-80E8-776C08615553}.Debug|Any CPU.Build.0 = Debug|Any CPU
		{8B4F402E-DFEC-4559-80E8-776C08615553}.Release|Any CPU.ActiveCfg = Release|Any CPU
		{8B4F402E-DFEC-4559-80E8-776C08615553}.Release|Any CPU.Build.0 = Release|Any CPU
	EndGlobalSection
	GlobalSection(SolutionProperties) = preSolution
		HideSolutionNode = FALSE
	EndGlobalSection
	GlobalSection(ExtensibilityGlobals) = postSolution
		SolutionGuid = {1E0CFE3D-BBA7-463B-B8D3-D27007475A4E}
	EndGlobalSection
EndGlobal
